{
  "nodes": {
    "devenv": {
      "locked": {
        "dir": "src/modules",
        "lastModified": 1785262761,
        "narHash": "sha256-9ewHcbuOk7wvBRBM28g06MkjcEIWyqoD04QZKouiRKI=",
        "owner": "cachix",
        "repo": "devenv",
        "rev": "ffce215a42d09c6375c3d60dd9c4110438fc4d87",
        "type": "github"
      },
      "original": {
        "dir": "src/modules",
        "owner": "cachix",
        "ref": "v2.2",
        "repo": "devenv",
        "type": "github"
      }
    },
    "flake-compat": {
      "flake": false,
      "locked": {
        "lastModified": 1767039857,
        "narHash": "sha256-vNpUSpF5Nuw8xvDLj2KCwwksIbjua2LZCqhV1LNRDns=",
        "owner": "edolstra",
        "repo": "flake-compat",
        "rev": "5edf11c44bc78a0d334f6334cdaf7d60d732daab",
        "type": "github"
      },
      "original": {
        "owner": "edolstra",
        "repo": "flake-compat",
        "type": "github"
      }
    },
    "nixpkgs": {
      "locked": {
        "lastModified": 1784282293,
        "narHash": "sha256-IpX7tmVJi9seHg5M4Wuexy78bQDlbntVk1HcT9kFts4=",
        "owner": "NixOS",
        "repo": "nixpkgs",
        "rev": "a47c123a609287a012dfc44d281de2dd4ed13394",
        "type": "github"
      },
      "original": {
        "owner": "NixOS",
        "ref": "nixpkgs-unstable",
        "repo": "nixpkgs",
        "type": "github"
      }
    },
    "nixpkgs-python": {
      "inputs": {
        "flake-compat": "flake-compat",
        "nixpkgs": [
          "nixpkgs"
        ]
      },
      "locked": {
        "lastModified": 1782825674,
        "narHash": "sha256-e6yzmOYb7N64k5g4bvIvA21TIzhUHjGKaWbKQxBt8bg=",
        "owner": "cachix",
        "repo": "nixpkgs-python",
        "rev": "2731df9c2ce7a05e079416f3580bacf1a2bade09",
        "type": "github"
      },
      "original": {
        "owner": "cachix",
        "repo": "nixpkgs-python",
        "type": "github"
      }
    },
    "root": {
      "inputs": {
        "devenv": "devenv",
        "nixpkgs": "nixpkgs",
        "nixpkgs-python": "nixpkgs-python",
        "stax-src": "stax-src"
      }
    },
    "stax-src": {
      "flake": false,
      "locked": {
        "lastModified": 1785442580,
        "narHash": "sha256-S6tUd7qXfShuBEohSZ/hxU5B7gucOlaHjBxPPvuxsMQ=",
        "owner": "cesarferreira",
        "repo": "stax",
        "rev": "7de79991d024979b847f1443179532cc9fd646da",
        "type": "github"
      },
      "original": {
        "owner": "cesarferreira",
        "ref": "v0.102.0",
        "repo": "stax",
        "type": "github"
      }
    }
  },
  "root": "root",
  "version": 7
}
